
Microsoft Visual Studio Solution File, Format Version 12.00
# Visual Studio Version 17
VisualStudioVersion = 17.13.35825.156 d17.13
MinimumVisualStudioVersion = 10.0.40219.1
Project("{FAE04EC0-301F-11D3-BF4B-00C04F79EFBC}") = "Count Pair With Given Sum", "Count Pair With Given Sum\Count Pair With Given Sum.csproj", "{BC1B654B-E20D-4251-98E4-91A3851F58DC}"
EndProject
Global
	GlobalSection(SolutionConfigurationPlatforms) = preSolution
		Debug|Any CPU = Debug|Any CPU
		Release|Any CPU = Release|Any CPU
	EndGlobalSection
	GlobalSection(ProjectConfigurationPlatforms) = postSolution
		{BC1B654B-E20D-4251-98E4-91A3851F58DC}.Debug|Any CPU.ActiveCfg = Debug|Any CPU
		{BC1B654B-E20D-4251-98E4-91A3851F58DC}.Debug|Any CPU.Build.0 = Debug|Any CPU
		{BC1B654B-E20D-4251-98E4-91A3851F58DC}.Release|Any CPU.ActiveCfg = Release|Any CPU
		{BC1B654B-E20D-4251-98E4-91A3851F58DC}.Release|Any CPU.Build.0 = Release|Any CPU
	EndGlobalSection
	GlobalSection(SolutionProperties) = preSolution
		HideSolutionNode = FALSE
	EndGlobalSection
	GlobalSection(ExtensibilityGlobals) = postSolution
		SolutionGuid = {AB1E8C34-B970-4A1B-BA45-200C4D513509}
	EndGlobalSection
EndGlobal
