
Microsoft Visual Studio Solution File, Format Version 12.00
# Visual Studio Version 17
VisualStudioVersion = 17.13.35825.156 d17.13
MinimumVisualStudioVersion = 10.0.40219.1
Project("{FAE04EC0-301F-11D3-BF4B-00C04F79EFBC}") = "Mearge Short", "Mearge Short\Mearge Short.csproj", "{45D0A6F8-1F70-4DC0-A322-FE40C677EED2}"
EndProject
Global
	GlobalSection(SolutionConfigurationPlatforms) = preSolution
		Debug|Any CPU = Debug|Any CPU
		Release|Any CPU = Release|Any CPU
	EndGlobalSection
	GlobalSection(ProjectConfigurationPlatforms) = postSolution
		{45D0A6F8-1F70-4DC0-A322-FE40C677EED2}.Debug|Any CPU.ActiveCfg = Debug|Any CPU
		{45D0A6F8-1F70-4DC0-A322-FE40C677EED2}.Debug|Any CPU.Build.0 = Debug|Any CPU
		{45D0A6F8-1F70-4DC0-A322-FE40C677EED2}.Release|Any CPU.ActiveCfg = Release|Any CPU
		{45D0A6F8-1F70-4DC0-A322-FE40C677EED2}.Release|Any CPU.Build.0 = Release|Any CPU
	EndGlobalSection
	GlobalSection(SolutionProperties) = preSolution
		HideSolutionNode = FALSE
	EndGlobalSection
	GlobalSection(ExtensibilityGlobals) = postSolution
		SolutionGuid = {3BFF4765-4C26-4E4B-A3F4-CC0C56996AE0}
	EndGlobalSection
EndGlobal
