
Microsoft Visual Studio Solution File, Format Version 12.00
# Visual Studio Version 17
VisualStudioVersion = 17.13.35825.156 d17.13
MinimumVisualStudioVersion = 10.0.40219.1
Project("{FAE04EC0-301F-11D3-BF4B-00C04F79EFBC}") = "Implement binary search on a sorted array", "Implement binary search on a sorted array\Implement binary search on a sorted array.csproj", "{6979E1A2-00CC-4E3B-B700-F3044EF70822}"
EndProject
Global
	GlobalSection(SolutionConfigurationPlatforms) = preSolution
		Debug|Any CPU = Debug|Any CPU
		Release|Any CPU = Release|Any CPU
	EndGlobalSection
	GlobalSection(ProjectConfigurationPlatforms) = postSolution
		{6979E1A2-00CC-4E3B-B700-F3044EF70822}.Debug|Any CPU.ActiveCfg = Debug|Any CPU
		{6979E1A2-00CC-4E3B-B700-F3044EF70822}.Debug|Any CPU.Build.0 = Debug|Any CPU
		{6979E1A2-00CC-4E3B-B700-F3044EF70822}.Release|Any CPU.ActiveCfg = Release|Any CPU
		{6979E1A2-00CC-4E3B-B700-F3044EF70822}.Release|Any CPU.Build.0 = Release|Any CPU
	EndGlobalSection
	GlobalSection(SolutionProperties) = preSolution
		HideSolutionNode = FALSE
	EndGlobalSection
	GlobalSection(ExtensibilityGlobals) = postSolution
		SolutionGuid = {507CA123-0F01-432A-8840-9C25201A7FC0}
	EndGlobalSection
EndGlobal
