
Microsoft Visual Studio Solution File, Format Version 12.00
# Visual Studio Version 17
VisualStudioVersion = 17.13.35825.156 d17.13
MinimumVisualStudioVersion = 10.0.40219.1
Project("{FAE04EC0-301F-11D3-BF4B-00C04F79EFBC}") = "Copy one array to another", "Copy one array to another\Copy one array to another.csproj", "{7B5F1BF2-7106-447C-AB7B-B54E3399F054}"
EndProject
Global
	GlobalSection(SolutionConfigurationPlatforms) = preSolution
		Debug|Any CPU = Debug|Any CPU
		Release|Any CPU = Release|Any CPU
	EndGlobalSection
	GlobalSection(ProjectConfigurationPlatforms) = postSolution
		{7B5F1BF2-7106-447C-AB7B-B54E3399F054}.Debug|Any CPU.ActiveCfg = Debug|Any CPU
		{7B5F1BF2-7106-447C-AB7B-B54E3399F054}.Debug|Any CPU.Build.0 = Debug|Any CPU
		{7B5F1BF2-7106-447C-AB7B-B54E3399F054}.Release|Any CPU.ActiveCfg = Release|Any CPU
		{7B5F1BF2-7106-447C-AB7B-B54E3399F054}.Release|Any CPU.Build.0 = Release|Any CPU
	EndGlobalSection
	GlobalSection(SolutionProperties) = preSolution
		HideSolutionNode = FALSE
	EndGlobalSection
	GlobalSection(ExtensibilityGlobals) = postSolution
		SolutionGuid = {BF163FA9-92D1-4F8D-8B8A-02CC21B10C9D}
	EndGlobalSection
EndGlobal
