
Microsoft Visual Studio Solution File, Format Version 12.00
# Visual Studio Version 17
VisualStudioVersion = 17.13.35825.156 d17.13
MinimumVisualStudioVersion = 10.0.40219.1
Project("{FAE04EC0-301F-11D3-BF4B-00C04F79EFBC}") = "Count even and odd numbers in an array", "Count even and odd numbers in an array\Count even and odd numbers in an array.csproj", "{F2BAA1A1-D10C-442A-BA8D-302A773FC296}"
EndProject
Global
	GlobalSection(SolutionConfigurationPlatforms) = preSolution
		Debug|Any CPU = Debug|Any CPU
		Release|Any CPU = Release|Any CPU
	EndGlobalSection
	GlobalSection(ProjectConfigurationPlatforms) = postSolution
		{F2BAA1A1-D10C-442A-BA8D-302A773FC296}.Debug|Any CPU.ActiveCfg = Debug|Any CPU
		{F2BAA1A1-D10C-442A-BA8D-302A773FC296}.Debug|Any CPU.Build.0 = Debug|Any CPU
		{F2BAA1A1-D10C-442A-BA8D-302A773FC296}.Release|Any CPU.ActiveCfg = Release|Any CPU
		{F2BAA1A1-D10C-442A-BA8D-302A773FC296}.Release|Any CPU.Build.0 = Release|Any CPU
	EndGlobalSection
	GlobalSection(SolutionProperties) = preSolution
		HideSolutionNode = FALSE
	EndGlobalSection
	GlobalSection(ExtensibilityGlobals) = postSolution
		SolutionGuid = {5A33D756-6210-4964-9F5B-F6662194C979}
	EndGlobalSection
EndGlobal
