
Microsoft Visual Studio Solution File, Format Version 12.00
# Visual Studio Version 17
VisualStudioVersion = 17.13.35825.156 d17.13
MinimumVisualStudioVersion = 10.0.40219.1
Project("{FAE04EC0-301F-11D3-BF4B-00C04F79EFBC}") = "Add two matrices using jagged arrays", "Add two matrices using jagged arrays\Add two matrices using jagged arrays.csproj", "{10D96031-A767-4615-841D-20D96F8F68CD}"
EndProject
Global
	GlobalSection(SolutionConfigurationPlatforms) = preSolution
		Debug|Any CPU = Debug|Any CPU
		Release|Any CPU = Release|Any CPU
	EndGlobalSection
	GlobalSection(ProjectConfigurationPlatforms) = postSolution
		{10D96031-A767-4615-841D-20D96F8F68CD}.Debug|Any CPU.ActiveCfg = Debug|Any CPU
		{10D96031-A767-4615-841D-20D96F8F68CD}.Debug|Any CPU.Build.0 = Debug|Any CPU
		{10D96031-A767-4615-841D-20D96F8F68CD}.Release|Any CPU.ActiveCfg = Release|Any CPU
		{10D96031-A767-4615-841D-20D96F8F68CD}.Release|Any CPU.Build.0 = Release|Any CPU
	EndGlobalSection
	GlobalSection(SolutionProperties) = preSolution
		HideSolutionNode = FALSE
	EndGlobalSection
	GlobalSection(ExtensibilityGlobals) = postSolution
		SolutionGuid = {6FE7F404-4A97-48D8-8618-9430A1B7D86A}
	EndGlobalSection
EndGlobal
