Microsoft Visual Studio Solution File, Format Version 12.00
# Visual Studio Version 17
VisualStudioVersion = 17.5.2.0
MinimumVisualStudioVersion = 10.0.40219.1
Project("{FAE04EC0-301F-11D3-BF4B-00C04F79EFBC}") = "average of numbers in the array", "average of numbers in the array\average of numbers in the array.csproj", "{B9F56830-73D4-696F-7E78-32010A0B9EE0}"
EndProject
Global
	GlobalSection(SolutionConfigurationPlatforms) = preSolution
		Debug|Any CPU = Debug|Any CPU
		Release|Any CPU = Release|Any CPU
	EndGlobalSection
	GlobalSection(ProjectConfigurationPlatforms) = postSolution
		{B9F56830-73D4-696F-7E78-32010A0B9EE0}.Debug|Any CPU.ActiveCfg = Debug|Any CPU
		{B9F56830-73D4-696F-7E78-32010A0B9EE0}.Debug|Any CPU.Build.0 = Debug|Any CPU
		{B9F56830-73D4-696F-7E78-32010A0B9EE0}.Release|Any CPU.ActiveCfg = Release|Any CPU
		{B9F56830-73D4-696F-7E78-32010A0B9EE0}.Release|Any CPU.Build.0 = Release|Any CPU
	EndGlobalSection
	GlobalSection(SolutionProperties) = preSolution
		HideSolutionNode = FALSE
	EndGlobalSection
	GlobalSection(ExtensibilityGlobals) = postSolution
		SolutionGuid = {BCEC9680-E12B-48DD-94A3-3CE0C0B1BE3D}
	EndGlobalSection
EndGlobal
