
Microsoft Visual Studio Solution File, Format Version 12.00
# Visual Studio Version 17
VisualStudioVersion = 17.13.35825.156 d17.13
MinimumVisualStudioVersion = 10.0.40219.1
Project("{FAE04EC0-301F-11D3-BF4B-00C04F79EFBC}") = "average of numbers in the array", "average of numbers in the array\average of numbers in the array.csproj", "{A27D779E-33AD-4567-8FBB-2A83C1E81B7B}"
EndProject
Global
	GlobalSection(SolutionConfigurationPlatforms) = preSolution
		Debug|Any CPU = Debug|Any CPU
		Release|Any CPU = Release|Any CPU
	EndGlobalSection
	GlobalSection(ProjectConfigurationPlatforms) = postSolution
		{A27D779E-33AD-4567-8FBB-2A83C1E81B7B}.Debug|Any CPU.ActiveCfg = Debug|Any CPU
		{A27D779E-33AD-4567-8FBB-2A83C1E81B7B}.Debug|Any CPU.Build.0 = Debug|Any CPU
		{A27D779E-33AD-4567-8FBB-2A83C1E81B7B}.Release|Any CPU.ActiveCfg = Release|Any CPU
		{A27D779E-33AD-4567-8FBB-2A83C1E81B7B}.Release|Any CPU.Build.0 = Release|Any CPU
	EndGlobalSection
	GlobalSection(SolutionProperties) = preSolution
		HideSolutionNode = FALSE
	EndGlobalSection
	GlobalSection(ExtensibilityGlobals) = postSolution
		SolutionGuid = {1AF7329E-23D2-43A3-9288-EFAA0C6390FD}
	EndGlobalSection
EndGlobal
