
Microsoft Visual Studio Solution File, Format Version 12.00
# Visual Studio Version 17
VisualStudioVersion = 17.13.35825.156 d17.13
MinimumVisualStudioVersion = 10.0.40219.1
Project("{FAE04EC0-301F-11D3-BF4B-00C04F79EFBC}") = "Check if a 2D array is a magic square", "Check if a 2D array is a magic square\Check if a 2D array is a magic square.csproj", "{D5A6685C-8BC4-4DDE-BEDB-96DE97788112}"
EndProject
Global
	GlobalSection(SolutionConfigurationPlatforms) = preSolution
		Debug|Any CPU = Debug|Any CPU
		Release|Any CPU = Release|Any CPU
	EndGlobalSection
	GlobalSection(ProjectConfigurationPlatforms) = postSolution
		{D5A6685C-8BC4-4DDE-BEDB-96DE97788112}.Debug|Any CPU.ActiveCfg = Debug|Any CPU
		{D5A6685C-8BC4-4DDE-BEDB-96DE97788112}.Debug|Any CPU.Build.0 = Debug|Any CPU
		{D5A6685C-8BC4-4DDE-BEDB-96DE97788112}.Release|Any CPU.ActiveCfg = Release|Any CPU
		{D5A6685C-8BC4-4DDE-BEDB-96DE97788112}.Release|Any CPU.Build.0 = Release|Any CPU
	EndGlobalSection
	GlobalSection(SolutionProperties) = preSolution
		HideSolutionNode = FALSE
	EndGlobalSection
	GlobalSection(ExtensibilityGlobals) = postSolution
		SolutionGuid = {0E95696C-D06F-4FFF-9438-A006ADF7B9E9}
	EndGlobalSection
EndGlobal
