
Microsoft Visual Studio Solution File, Format Version 12.00
# Visual Studio Version 17
VisualStudioVersion = 17.13.35825.156 d17.13
MinimumVisualStudioVersion = 10.0.40219.1
Project("{FAE04EC0-301F-11D3-BF4B-00C04F79EFBC}") = "sum of all element", "sum of all element\sum of all element.csproj", "{AB0C8F18-F95E-49E8-B078-7C6C82B5B4EC}"
EndProject
Global
	GlobalSection(SolutionConfigurationPlatforms) = preSolution
		Debug|Any CPU = Debug|Any CPU
		Release|Any CPU = Release|Any CPU
	EndGlobalSection
	GlobalSection(ProjectConfigurationPlatforms) = postSolution
		{AB0C8F18-F95E-49E8-B078-7C6C82B5B4EC}.Debug|Any CPU.ActiveCfg = Debug|Any CPU
		{AB0C8F18-F95E-49E8-B078-7C6C82B5B4EC}.Debug|Any CPU.Build.0 = Debug|Any CPU
		{AB0C8F18-F95E-49E8-B078-7C6C82B5B4EC}.Release|Any CPU.ActiveCfg = Release|Any CPU
		{AB0C8F18-F95E-49E8-B078-7C6C82B5B4EC}.Release|Any CPU.Build.0 = Release|Any CPU
	EndGlobalSection
	GlobalSection(SolutionProperties) = preSolution
		HideSolutionNode = FALSE
	EndGlobalSection
	GlobalSection(ExtensibilityGlobals) = postSolution
		SolutionGuid = {86F5A6F2-0739-4DC7-8677-76A43AF29FA2}
	EndGlobalSection
EndGlobal
